
Microsoft Visual Studio Solution File, Format Version 12.00
# Visual Studio 15
VisualStudioVersion = 15.0.28307.168
MinimumVisualStudioVersion = 10.0.40219.1
Project("{FAE04EC0-301F-11D3-BF4B-00C04F79EFBC}") = "ContosoUniversity", "ContosoUniversity\ContosoUniversity.csproj", "{9EDA59CE-E87A-4103-8964-B3AD9B98219B}"
EndProject
Global
	GlobalSection(SolutionConfigurationPlatforms) = preSolution
		Debug|Any CPU = Debug|Any CPU
		Release|Any CPU = Release|Any CPU
	EndGlobalSection
	GlobalSection(ProjectConfigurationPlatforms) = postSolution
		{9EDA59CE-E87A-4103-8964-B3AD9B98219B}.Debug|Any CPU.ActiveCfg = Debug|Any CPU
		{9EDA59CE-E87A-4103-8964-B3AD9B98219B}.Debug|Any CPU.Build.0 = Debug|Any CPU
		{9EDA59CE-E87A-4103-8964-B3AD9B98219B}.Release|Any CPU.ActiveCfg = Release|Any CPU
		{9EDA59CE-E87A-4103-8964-B3AD9B98219B}.Release|Any CPU.Build.0 = Release|Any CPU
	EndGlobalSection
	GlobalSection(SolutionProperties) = preSolution
		HideSolutionNode = FALSE
	EndGlobalSection
	GlobalSection(ExtensibilityGlobals) = postSolution
		SolutionGuid = {0A82DB2C-9553-42FD-8943-0973C9F70DE4}
	EndGlobalSection
EndGlobal
